// !$*UTF8*$!
{
	archiveVersion = 1;
	classes = {
	};
	objectVersion = 50;
	objects = {

/* Begin PBXBuildFile section */
		FF1FFA4020FD5D2500469813 /* AppDelegate.m in Sources */ = {isa = PBXBuildFile; fileRef = FF1FFA3F20FD5D2500469813 /* AppDelegate.m */; };
		FF1FFA4320FD5D2500469813 /* ViewController.m in Sources */ = {isa = PBXBuildFile; fileRef = FF1FFA4220FD5D2500469813 /* ViewController.m */; };
		FF1FFA4820FD5D2600469813 /* Assets.xcassets in Resources */ = {isa = PBXBuildFile; fileRef = FF1FFA4720FD5D2600469813 /* Assets.xcassets */; };
		FF1FFA4B20FD5D2600469813 /* LaunchScreen.storyboard in Resources */ = {isa = PBXBuildFile; fileRef = FF1FFA4920FD5D2600469813 /* LaunchScreen.storyboard */; };
		FF1FFA4E20FD5D2600469813 /* main.m in Sources */ = {isa = PBXBuildFile; fileRef = FF1FFA4D20FD5D2600469813 /* main.m */; };
		FF1FFA5820FD5D5300469813 /* CIImageOpenGLView.m in Sources */ = {isa = PBXBuildFile; fileRef = FF1FFA5420FD5D5300469813 /* CIImageOpenGLView.m */; };
		FF1FFA5920FD5D5300469813 /* CIImageMetalView.m in Sources */ = {isa = PBXBuildFile; fileRef = FF1FFA5520FD5D5300469813 /* CIImageMetalView.m */; };
		FF1FFA6020FD5D6D00469813 /* Dummy-ios.metallib in Resources */ = {isa = PBXBuildFile; fileRef = FF1FFA5A20FD5D6C00469813 /* Dummy-ios.metallib */; };
		FF1FFA6120FD5D6D00469813 /* Dummy.glsl in Resources */ = {isa = PBXBuildFile; fileRef = FF1FFA5B20FD5D6D00469813 /* Dummy.glsl */; };
		FF1FFA6220FD5D6D00469813 /* Dummy.metal in Sources */ = {isa = PBXBuildFile; fileRef = FF1FFA5D20FD5D6D00469813 /* Dummy.metal */; };
		FF1FFA6320FD5D6D00469813 /* Main.storyboard in Resources */ = {isa = PBXBuildFile; fileRef = FF1FFA5E20FD5D6D00469813 /* Main.storyboard */; };
		FF1FFA6420FD5D6D00469813 /* GeometryShiz.m in Sources */ = {isa = PBXBuildFile; fileRef = FF1FFA5F20FD5D6D00469813 /* GeometryShiz.m */; };
		FF1FFA6620FD5E4300469813 /* download-6-38.jpg in Resources */ = {isa = PBXBuildFile; fileRef = FF1FFA6520FD5E4300469813 /* download-6-38.jpg */; };
/* End PBXBuildFile section */

/* Begin PBXFileReference section */
		FF1FFA3B20FD5D2500469813 /* SorryThatIsIncorrect.app */ = {isa = PBXFileReference; explicitFileType = wrapper.application; includeInIndex = 0; path = SorryThatIsIncorrect.app; sourceTree = BUILT_PRODUCTS_DIR; };
		FF1FFA3E20FD5D2500469813 /* AppDelegate.h */ = {isa = PBXFileReference; lastKnownFileType = sourcecode.c.h; path = AppDelegate.h; sourceTree = "<group>"; };
		FF1FFA3F20FD5D2500469813 /* AppDelegate.m */ = {isa = PBXFileReference; lastKnownFileType = sourcecode.c.objc; path = AppDelegate.m; sourceTree = "<group>"; };
		FF1FFA4120FD5D2500469813 /* ViewController.h */ = {isa = PBXFileReference; lastKnownFileType = sourcecode.c.h; path = ViewController.h; sourceTree = "<group>"; };
		FF1FFA4220FD5D2500469813 /* ViewController.m */ = {isa = PBXFileReference; lastKnownFileType = sourcecode.c.objc; path = ViewController.m; sourceTree = "<group>"; };
		FF1FFA4720FD5D2600469813 /* Assets.xcassets */ = {isa = PBXFileReference; lastKnownFileType = folder.assetcatalog; path = Assets.xcassets; sourceTree = "<group>"; };
		FF1FFA4A20FD5D2600469813 /* Base */ = {isa = PBXFileReference; lastKnownFileType = file.storyboard; name = Base; path = Base.lproj/LaunchScreen.storyboard; sourceTree = "<group>"; };
		FF1FFA4C20FD5D2600469813 /* Info.plist */ = {isa = PBXFileReference; lastKnownFileType = text.plist.xml; path = Info.plist; sourceTree = "<group>"; };
		FF1FFA4D20FD5D2600469813 /* main.m */ = {isa = PBXFileReference; lastKnownFileType = sourcecode.c.objc; path = main.m; sourceTree = "<group>"; };
		FF1FFA5420FD5D5300469813 /* CIImageOpenGLView.m */ = {isa = PBXFileReference; fileEncoding = 4; lastKnownFileType = sourcecode.c.objc; path = CIImageOpenGLView.m; sourceTree = "<group>"; };
		FF1FFA5520FD5D5300469813 /* CIImageMetalView.m */ = {isa = PBXFileReference; fileEncoding = 4; lastKnownFileType = sourcecode.c.objc; path = CIImageMetalView.m; sourceTree = "<group>"; };
		FF1FFA5620FD5D5300469813 /* CIImageOpenGLView.h */ = {isa = PBXFileReference; fileEncoding = 4; lastKnownFileType = sourcecode.c.h; path = CIImageOpenGLView.h; sourceTree = "<group>"; };
		FF1FFA5720FD5D5300469813 /* CIImageMetalView.h */ = {isa = PBXFileReference; fileEncoding = 4; lastKnownFileType = sourcecode.c.h; path = CIImageMetalView.h; sourceTree = "<group>"; };
		FF1FFA5A20FD5D6C00469813 /* Dummy-ios.metallib */ = {isa = PBXFileReference; lastKnownFileType = "archive.metal-library"; path = "Dummy-ios.metallib"; sourceTree = "<group>"; };
		FF1FFA5B20FD5D6D00469813 /* Dummy.glsl */ = {isa = PBXFileReference; fileEncoding = 4; lastKnownFileType = text; path = Dummy.glsl; sourceTree = "<group>"; };
		FF1FFA5C20FD5D6D00469813 /* GeometryShiz.h */ = {isa = PBXFileReference; fileEncoding = 4; lastKnownFileType = sourcecode.c.h; path = GeometryShiz.h; sourceTree = "<group>"; };
		FF1FFA5D20FD5D6D00469813 /* Dummy.metal */ = {isa = PBXFileReference; fileEncoding = 4; lastKnownFileType = sourcecode.metal; path = Dummy.metal; sourceTree = "<group>"; };
		FF1FFA5E20FD5D6D00469813 /* Main.storyboard */ = {isa = PBXFileReference; fileEncoding = 4; lastKnownFileType = file.storyboard; path = Main.storyboard; sourceTree = "<group>"; };
		FF1FFA5F20FD5D6D00469813 /* GeometryShiz.m */ = {isa = PBXFileReference; fileEncoding = 4; lastKnownFileType = sourcecode.c.objc; path = GeometryShiz.m; sourceTree = "<group>"; };
		FF1FFA6520FD5E4300469813 /* download-6-38.jpg */ = {isa = PBXFileReference; lastKnownFileType = image.jpeg; path = "download-6-38.jpg"; sourceTree = "<group>"; };
/* End PBXFileReference section */

/* Begin PBXFrameworksBuildPhase section */
		FF1FFA3820FD5D2500469813 /* Frameworks */ = {
			isa = PBXFrameworksBuildPhase;
			buildActionMask = 2147483647;
			files = (
			);
			runOnlyForDeploymentPostprocessing = 0;
		};
/* End PBXFrameworksBuildPhase section */

/* Begin PBXGroup section */
		FF1FFA3220FD5D2500469813 = {
			isa = PBXGroup;
			children = (
				FF1FFA3D20FD5D2500469813 /* SorryThatIsIncorrect */,
				FF1FFA3C20FD5D2500469813 /* Products */,
			);
			sourceTree = "<group>";
		};
		FF1FFA3C20FD5D2500469813 /* Products */ = {
			isa = PBXGroup;
			children = (
				FF1FFA3B20FD5D2500469813 /* SorryThatIsIncorrect.app */,
			);
			name = Products;
			sourceTree = "<group>";
		};
		FF1FFA3D20FD5D2500469813 /* SorryThatIsIncorrect */ = {
			isa = PBXGroup;
			children = (
				FF1FFA6520FD5E4300469813 /* download-6-38.jpg */,
				FF1FFA3E20FD5D2500469813 /* AppDelegate.h */,
				FF1FFA3F20FD5D2500469813 /* AppDelegate.m */,
				FF1FFA4120FD5D2500469813 /* ViewController.h */,
				FF1FFA4220FD5D2500469813 /* ViewController.m */,
				FF1FFA5720FD5D5300469813 /* CIImageMetalView.h */,
				FF1FFA5520FD5D5300469813 /* CIImageMetalView.m */,
				FF1FFA5620FD5D5300469813 /* CIImageOpenGLView.h */,
				FF1FFA5420FD5D5300469813 /* CIImageOpenGLView.m */,
				FF1FFA5A20FD5D6C00469813 /* Dummy-ios.metallib */,
				FF1FFA5B20FD5D6D00469813 /* Dummy.glsl */,
				FF1FFA5D20FD5D6D00469813 /* Dummy.metal */,
				FF1FFA5C20FD5D6D00469813 /* GeometryShiz.h */,
				FF1FFA5F20FD5D6D00469813 /* GeometryShiz.m */,
				FF1FFA5E20FD5D6D00469813 /* Main.storyboard */,
				FF1FFA4720FD5D2600469813 /* Assets.xcassets */,
				FF1FFA4920FD5D2600469813 /* LaunchScreen.storyboard */,
				FF1FFA4C20FD5D2600469813 /* Info.plist */,
				FF1FFA4D20FD5D2600469813 /* main.m */,
			);
			path = SorryThatIsIncorrect;
			sourceTree = "<group>";
		};
/* End PBXGroup section */

/* Begin PBXNativeTarget section */
		FF1FFA3A20FD5D2500469813 /* SorryThatIsIncorrect */ = {
			isa = PBXNativeTarget;
			buildConfigurationList = FF1FFA5120FD5D2600469813 /* Build configuration list for PBXNativeTarget "SorryThatIsIncorrect" */;
			buildPhases = (
				FF1FFA3720FD5D2500469813 /* Sources */,
				FF1FFA3820FD5D2500469813 /* Frameworks */,
				FF1FFA3920FD5D2500469813 /* Resources */,
			);
			buildRules = (
			);
			dependencies = (
			);
			name = SorryThatIsIncorrect;
			productName = SorryThatIsIncorrect;
			productReference = FF1FFA3B20FD5D2500469813 /* SorryThatIsIncorrect.app */;
			productType = "com.apple.product-type.application";
		};
/* End PBXNativeTarget section */

/* Begin PBXProject section */
		FF1FFA3320FD5D2500469813 /* Project object */ = {
			isa = PBXProject;
			attributes = {
				LastUpgradeCheck = 0940;
				ORGANIZATIONNAME = "Jon Gilkison";
				TargetAttributes = {
					FF1FFA3A20FD5D2500469813 = {
						CreatedOnToolsVersion = 9.4.1;
					};
				};
			};
			buildConfigurationList = FF1FFA3620FD5D2500469813 /* Build configuration list for PBXProject "SorryThatIsIncorrect" */;
			compatibilityVersion = "Xcode 9.3";
			developmentRegion = en;
			hasScannedForEncodings = 0;
			knownRegions = (
				en,
				Base,
			);
			mainGroup = FF1FFA3220FD5D2500469813;
			productRefGroup = FF1FFA3C20FD5D2500469813 /* Products */;
			projectDirPath = "";
			projectRoot = "";
			targets = (
				FF1FFA3A20FD5D2500469813 /* SorryThatIsIncorrect */,
			);
		};
/* End PBXProject section */

/* Begin PBXResourcesBuildPhase section */
		FF1FFA3920FD5D2500469813 /* Resources */ = {
			isa = PBXResourcesBuildPhase;
			buildActionMask = 2147483647;
			files = (
				FF1FFA6020FD5D6D00469813 /* Dummy-ios.metallib in Resources */,
				FF1FFA6620FD5E4300469813 /* download-6-38.jpg in Resources */,
				FF1FFA6320FD5D6D00469813 /* Main.storyboard in Resources */,
				FF1FFA4B20FD5D2600469813 /* LaunchScreen.storyboard in Resources */,
				FF1FFA6120FD5D6D00469813 /* Dummy.glsl in Resources */,
				FF1FFA4820FD5D2600469813 /* Assets.xcassets in Resources */,
			);
			runOnlyForDeploymentPostprocessing = 0;
		};
/* End PBXResourcesBuildPhase section */

/* Begin PBXSourcesBuildPhase section */
		FF1FFA3720FD5D2500469813 /* Sources */ = {
			isa = PBXSourcesBuildPhase;
			buildActionMask = 2147483647;
			files = (
				FF1FFA4320FD5D2500469813 /* ViewController.m in Sources */,
				FF1FFA5920FD5D5300469813 /* CIImageMetalView.m in Sources */,
				FF1FFA6420FD5D6D00469813 /* GeometryShiz.m in Sources */,
				FF1FFA5820FD5D5300469813 /* CIImageOpenGLView.m in Sources */,
				FF1FFA4E20FD5D2600469813 /* main.m in Sources */,
				FF1FFA6220FD5D6D00469813 /* Dummy.metal in Sources */,
				FF1FFA4020FD5D2500469813 /* AppDelegate.m in Sources */,
			);
			runOnlyForDeploymentPostprocessing = 0;
		};
/* End PBXSourcesBuildPhase section */

/* Begin PBXVariantGroup section */
		FF1FFA4920FD5D2600469813 /* LaunchScreen.storyboard */ = {
			isa = PBXVariantGroup;
			children = (
				FF1FFA4A20FD5D2600469813 /* Base */,
			);
			name = LaunchScreen.storyboard;
			sourceTree = "<group>";
		};
/* End PBXVariantGroup section */

/* Begin XCBuildConfiguration section */
		FF1FFA4F20FD5D2600469813 /* Debug */ = {
			isa = XCBuildConfiguration;
			buildSettings = {
				ALWAYS_SEARCH_USER_PATHS = NO;
				CLANG_ANALYZER_NONNULL = YES;
				CLANG_ANALYZER_NUMBER_OBJECT_CONVERSION = YES_AGGRESSIVE;
				CLANG_CXX_LANGUAGE_STANDARD = "gnu++14";
				CLANG_CXX_LIBRARY = "libc++";
				CLANG_ENABLE_MODULES = YES;
				CLANG_ENABLE_OBJC_ARC = YES;
				CLANG_ENABLE_OBJC_WEAK = YES;
				CLANG_WARN_BLOCK_CAPTURE_AUTORELEASING = YES;
				CLANG_WARN_BOOL_CONVERSION = YES;
				CLANG_WARN_COMMA = YES;
				CLANG_WARN_CONSTANT_CONVERSION = YES;
				CLANG_WARN_DEPRECATED_OBJC_IMPLEMENTATIONS = YES;
				CLANG_WARN_DIRECT_OBJC_ISA_USAGE = YES_ERROR;
				CLANG_WARN_DOCUMENTATION_COMMENTS = YES;
				CLANG_WARN_EMPTY_BODY = YES;
				CLANG_WARN_ENUM_CONVERSION = YES;
				CLANG_WARN_INFINITE_RECURSION = YES;
				CLANG_WARN_INT_CONVERSION = YES;
				CLANG_WARN_NON_LITERAL_NULL_CONVERSION = YES;
				CLANG_WARN_OBJC_IMPLICIT_RETAIN_SELF = YES;
				CLANG_WARN_OBJC_LITERAL_CONVERSION = YES;
				CLANG_WARN_OBJC_ROOT_CLASS = YES_ERROR;
				CLANG_WARN_RANGE_LOOP_ANALYSIS = YES;
				CLANG_WARN_STRICT_PROTOTYPES = YES;
				CLANG_WARN_SUSPICIOUS_MOVE = YES;
				CLANG_WARN_UNGUARDED_AVAILABILITY = YES_AGGRESSIVE;
				CLANG_WARN_UNREACHABLE_CODE = YES;
				CLANG_WARN__DUPLICATE_METHOD_MATCH = YES;
				CODE_SIGN_IDENTITY = "iPhone Developer";
				COPY_PHASE_STRIP = NO;
				DEBUG_INFORMATION_FORMAT = dwarf;
				ENABLE_STRICT_OBJC_MSGSEND = YES;
				ENABLE_TESTABILITY = YES;
				GCC_C_LANGUAGE_STANDARD = gnu11;
				GCC_DYNAMIC_NO_PIC = NO;
				GCC_NO_COMMON_BLOCKS = YES;
				GCC_OPTIMIZATION_LEVEL = 0;
				GCC_PREPROCESSOR_DEFINITIONS = (
					"DEBUG=1",
					"$(inherited)",
				);
				GCC_WARN_64_TO_32_BIT_CONVERSION = YES;
				GCC_WARN_ABOUT_RETURN_TYPE = YES_ERROR;
				GCC_WARN_UNDECLARED_SELECTOR = YES;
				GCC_WARN_UNINITIALIZED_AUTOS = YES_AGGRESSIVE;
				GCC_WARN_UNUSED_FUNCTION = YES;
				GCC_WARN_UNUSED_VARIABLE = YES;
				IPHONEOS_DEPLOYMENT_TARGET = 11.4;
				MTL_ENABLE_DEBUG_INFO = YES;
				ONLY_ACTIVE_ARCH = YES;
				SDKROOT = iphoneos;
			};
			name = Debug;
		};
		FF1FFA5020FD5D2600469813 /* Release */ = {
			isa = XCBuildConfiguration;
			buildSettings = {
				ALWAYS_SEARCH_USER_PATHS = NO;
				CLANG_ANALYZER_NONNULL = YES;
				CLANG_ANALYZER_NUMBER_OBJECT_CONVERSION = YES_AGGRESSIVE;
				CLANG_CXX_LANGUAGE_STANDARD = "gnu++14";
				CLANG_CXX_LIBRARY = "libc++";
				CLANG_ENABLE_MODULES = YES;
				CLANG_ENABLE_OBJC_ARC = YES;
				CLANG_ENABLE_OBJC_WEAK = YES;
				CLANG_WARN_BLOCK_CAPTURE_AUTORELEASING = YES;
				CLANG_WARN_BOOL_CONVERSION = YES;
				CLANG_WARN_COMMA = YES;
				CLANG_WARN_CONSTANT_CONVERSION = YES;
				CLANG_WARN_DEPRECATED_OBJC_IMPLEMENTATIONS = YES;
				CLANG_WARN_DIRECT_OBJC_ISA_USAGE = YES_ERROR;
				CLANG_WARN_DOCUMENTATION_COMMENTS = YES;
				CLANG_WARN_EMPTY_BODY = YES;
				CLANG_WARN_ENUM_CONVERSION = YES;
				CLANG_WARN_INFINITE_RECURSION = YES;
				CLANG_WARN_INT_CONVERSION = YES;
				CLANG_WARN_NON_LITERAL_NULL_CONVERSION = YES;
				CLANG_WARN_OBJC_IMPLICIT_RETAIN_SELF = YES;
				CLANG_WARN_OBJC_LITERAL_CONVERSION = YES;
				CLANG_WARN_OBJC_ROOT_CLASS = YES_ERROR;
				CLANG_WARN_RANGE_LOOP_ANALYSIS = YES;
				CLANG_WARN_STRICT_PROTOTYPES = YES;
				CLANG_WARN_SUSPICIOUS_MOVE = YES;
				CLANG_WARN_UNGUARDED_AVAILABILITY = YES_AGGRESSIVE;
				CLANG_WARN_UNREACHABLE_CODE = YES;
				CLANG_WARN__DUPLICATE_METHOD_MATCH = YES;
				CODE_SIGN_IDENTITY = "iPhone Developer";
				COPY_PHASE_STRIP = NO;
				DEBUG_INFORMATION_FORMAT = "dwarf-with-dsym";
				ENABLE_NS_ASSERTIONS = NO;
				ENABLE_STRICT_OBJC_MSGSEND = YES;
				GCC_C_LANGUAGE_STANDARD = gnu11;
				GCC_NO_COMMON_BLOCKS = YES;
				GCC_WARN_64_TO_32_BIT_CONVERSION = YES;
				GCC_WARN_ABOUT_RETURN_TYPE = YES_ERROR;
				GCC_WARN_UNDECLARED_SELECTOR = YES;
				GCC_WARN_UNINITIALIZED_AUTOS = YES_AGGRESSIVE;
				GCC_WARN_UNUSED_FUNCTION = YES;
				GCC_WARN_UNUSED_VARIABLE = YES;
				IPHONEOS_DEPLOYMENT_TARGET = 11.4;
				MTL_ENABLE_DEBUG_INFO = NO;
				SDKROOT = iphoneos;
				VALIDATE_PRODUCT = YES;
			};
			name = Release;
		};
		FF1FFA5220FD5D2600469813 /* Debug */ = {
			isa = XCBuildConfiguration;
			buildSettings = {
				ASSETCATALOG_COMPILER_APPICON_NAME = AppIcon;
				CODE_SIGN_STYLE = Automatic;
				DEVELOPMENT_TEAM = 4VS8SA23V9;
				INFOPLIST_FILE = SorryThatIsIncorrect/Info.plist;
				LD_RUNPATH_SEARCH_PATHS = (
					"$(inherited)",
					"@executable_path/Frameworks",
				);
				PRODUCT_BUNDLE_IDENTIFIER = com.interfacelab.SorryThatIsIncorrect;
				PRODUCT_NAME = "$(TARGET_NAME)";
				TARGETED_DEVICE_FAMILY = "1,2";
			};
			name = Debug;
		};
		FF1FFA5320FD5D2600469813 /* Release */ = {
			isa = XCBuildConfiguration;
			buildSettings = {
				ASSETCATALOG_COMPILER_APPICON_NAME = AppIcon;
				CODE_SIGN_STYLE = Automatic;
				DEVELOPMENT_TEAM = 4VS8SA23V9;
				INFOPLIST_FILE = SorryThatIsIncorrect/Info.plist;
				LD_RUNPATH_SEARCH_PATHS = (
					"$(inherited)",
					"@executable_path/Frameworks",
				);
				PRODUCT_BUNDLE_IDENTIFIER = com.interfacelab.SorryThatIsIncorrect;
				PRODUCT_NAME = "$(TARGET_NAME)";
				TARGETED_DEVICE_FAMILY = "1,2";
			};
			name = Release;
		};
/* End XCBuildConfiguration section */

/* Begin XCConfigurationList section */
		FF1FFA3620FD5D2500469813 /* Build configuration list for PBXProject "SorryThatIsIncorrect" */ = {
			isa = XCConfigurationList;
			buildConfigurations = (
				FF1FFA4F20FD5D2600469813 /* Debug */,
				FF1FFA5020FD5D2600469813 /* Release */,
			);
			defaultConfigurationIsVisible = 0;
			defaultConfigurationName = Release;
		};
		FF1FFA5120FD5D2600469813 /* Build configuration list for PBXNativeTarget "SorryThatIsIncorrect" */ = {
			isa = XCConfigurationList;
			buildConfigurations = (
				FF1FFA5220FD5D2600469813 /* Debug */,
				FF1FFA5320FD5D2600469813 /* Release */,
			);
			defaultConfigurationIsVisible = 0;
			defaultConfigurationName = Release;
		};
/* End XCConfigurationList section */
	};
	rootObject = FF1FFA3320FD5D2500469813 /* Project object */;
}
